
Microsoft Visual Studio Solution File, Format Version 12.00
# Visual Studio Version 17
VisualStudioVersion = 17.9.34728.123
MinimumVisualStudioVersion = 10.0.40219.1
Project("{FAE04EC0-301F-11D3-BF4B-00C04F79EFBC}") = "JWTAuthentication", "JWTAuthentication\JWTAuthentication.csproj", "{58034E99-5304-4417-8607-D5298147AA4C}"
EndProject
Global
	GlobalSection(SolutionConfigurationPlatforms) = preSolution
		Debug|Any CPU = Debug|Any CPU
		Release|Any CPU = Release|Any CPU
	EndGlobalSection
	GlobalSection(ProjectConfigurationPlatforms) = postSolution
		{58034E99-5304-4417-8607-D5298147AA4C}.Debug|Any CPU.ActiveCfg = Debug|Any CPU
		{58034E99-5304-4417-8607-D5298147AA4C}.Debug|Any CPU.Build.0 = Debug|Any CPU
		{58034E99-5304-4417-8607-D5298147AA4C}.Release|Any CPU.ActiveCfg = Release|Any CPU
		{58034E99-5304-4417-8607-D5298147AA4C}.Release|Any CPU.Build.0 = Release|Any CPU
	EndGlobalSection
	GlobalSection(SolutionProperties) = preSolution
		HideSolutionNode = FALSE
	EndGlobalSection
	GlobalSection(ExtensibilityGlobals) = postSolution
		SolutionGuid = {3DC1E579-7E8B-47D8-8561-ED09E2E95671}
	EndGlobalSection
EndGlobal
